hash: a8d46952c05f56caefe13aeda3d2ecd60ea1f7d8acd359008883e75c839826ea
updated: 2018-04-15T10:04:53.506844-07:00
imports:
- name: github.com/go-pg/pg
  version: 81c90201251e3435753431f688d6be110a0806ca
  subpackages:
  - orm
  - internal
  - internal/pool
  - types
  - internal/parser
- name: github.com/golang/protobuf
  version: bbd03ef6da3a115852eaf24c8a1c46aeb39aa175
  subpackages:
  - proto
- name: github.com/google/go-github
  version: 996760c56486beb81e91bb7bdb816f8c6f29284e
  subpackages:
  - github
- name: github.com/google/go-querystring
  version: 53e6ce116135b80d037921a7fdd5138cf32d7a8a
  subpackages:
  - query
- name: github.com/gorilla/context
  version: 1ea25387ff6f684839d82767c1733ff4d4d15d0a
- name: github.com/gorilla/mux
  version: 53c1911da2b537f792e7cafcb446b05ffe33b996
- name: github.com/gorilla/websocket
  version: eb925808374e5ca90c83401a40d711dc08c0c0f6
- name: github.com/jinzhu/inflection
  version: 04140366298a54a039076d798123ffa108fff46c
- name: github.com/nlopes/slack
  version: 3472fa2dd0347a0d966feaf49d3e197d50e9576e
- name: github.com/sirupsen/logrus
  version: 90150a8ed11b6ce285e77e8af2b0109559ce4777
- name: golang.org/x/crypto
  version: 88942b9c40a4c9d203b82b3731787b672d6e809b
  subpackages:
  - acme/autocert
  - ssh/terminal
  - acme
- name: golang.org/x/net
  version: 6078986fec03a1dcc236c34816c71b0e05018fda
  subpackages:
  - context
  - context/ctxhttp
- name: golang.org/x/oauth2
  version: fdc9e635145ae97e6c2cb777c48305600cf515cb
  subpackages:
  - internal
- name: golang.org/x/sys
  version: 13d03a9a82fba647c21a0ef8fba44a795d0f0835
  subpackages:
  - unix
  - windows
- name: google.golang.org/appengine
  version: 540132eeda33c2b26cca331a6adfd50519cd29f7
  subpackages:
  - urlfetch
  - internal
  - internal/urlfetch
  - internal/base
  - internal/datastore
  - internal/log
  - internal/remote_api
testImports:
- name: github.com/davecgh/go-spew
  version: 8991bc29aa16c548c550c7ff78260e27b9ab7c73
  subpackages:
  - spew
- name: github.com/pmezard/go-difflib
  version: 792786c7400a136282c1664665ae0a8db921c6c2
  subpackages:
  - difflib
- name: github.com/stretchr/testify
  version: c679ae2cc0cb27ec3293fea7e254e47386f05d69
  subpackages:
  - assert
