hash: b4de977b0a44d8b89f2f3e8c5809d82f5532e9645db8925152a6246601e9f4d4
updated: 2017-06-21T22:49:09.746574592-07:00
imports:
- name: github.com/go-pg/pg
  version: ad342352fe2e1ebc6cf28a51456352133afd91ee
  subpackages:
  - internal
  - internal/pool
  - orm
  - types
  - internal/parser
- name: github.com/gorilla/context
  version: 1ea25387ff6f684839d82767c1733ff4d4d15d0a
- name: github.com/gorilla/mux
  version: bcd8bc72b08df0f70df986b97f95590779502d31
- name: github.com/jinzhu/inflection
  version: 1c35d901db3da928c72a72d8458480cc9ade058f
- name: github.com/nlopes/slack
  version: c86337c0ef2486a15edd804355d9c73d2f2caed1
- name: github.com/sirupsen/logrus
  version: 85b1699d505667d13f8ac4478c1debbf85d6c5de
- name: golang.org/x/net
  version: 973f3f3bbd50e92b13faa6c53ec16f49b45e851c
  subpackages:
  - websocket
- name: golang.org/x/sys
  version: fb4cac33e3196ff7f507ab9b2d2a44b0142f5b5a
  subpackages:
  - unix
testImports: []
